
Microsoft Visual Studio Solution File, Format Version 12.00
# Visual Studio Version 16
VisualStudioVersion = 16.0.32630.194
MinimumVisualStudioVersion = 10.0.40219.1
Project("{FAE04EC0-301F-11D3-BF4B-00C04F79EFBC}") = "TMS", "TMS\TMS.csproj", "{4A310FF7-B19E-4612-944A-31074E9117BE}"
EndProject
Global
	GlobalSection(SolutionConfigurationPlatforms) = preSolution
		Debug|Any CPU = Debug|Any CPU
		Release|Any CPU = Release|Any CPU
	EndGlobalSection
	GlobalSection(ProjectConfigurationPlatforms) = postSolution
		{4A310FF7-B19E-4612-944A-31074E9117BE}.Debug|Any CPU.ActiveCfg = Debug|Any CPU
		{4A310FF7-B19E-4612-944A-31074E9117BE}.Debug|Any CPU.Build.0 = Debug|Any CPU
		{4A310FF7-B19E-4612-944A-31074E9117BE}.Release|Any CPU.ActiveCfg = Release|Any CPU
		{4A310FF7-B19E-4612-944A-31074E9117BE}.Release|Any CPU.Build.0 = Release|Any CPU
	EndGlobalSection
	GlobalSection(SolutionProperties) = preSolution
		HideSolutionNode = FALSE
	EndGlobalSection
	GlobalSection(ExtensibilityGlobals) = postSolution
		SolutionGuid = {FF8C3417-25F0-41F0-AE60-B615A2375CDC}
	EndGlobalSection
EndGlobal
